
Microsoft Visual Studio Solution File, Format Version 12.00
# Visual Studio Version 16
VisualStudioVersion = 16.0.29418.71
MinimumVisualStudioVersion = 10.0.40219.1
Project("{FAE04EC0-301F-11D3-BF4B-00C04F79EFBC}") = "UserDefaults", "UserDefaults\UserDefaults.csproj", "{A7858B26-4981-44B4-BAE8-09215C6B3CB9}"
EndProject
Project("{FAE04EC0-301F-11D3-BF4B-00C04F79EFBC}") = "TestUserDefaults", "TestUserDefaults\TestUserDefaults.csproj", "{5E1514B8-5908-45D2-9C91-81D16A06C28B}"
EndProject
Global
	GlobalSection(SolutionConfigurationPlatforms) = preSolution
		Debug|Any CPU = Debug|Any CPU
		Release|Any CPU = Release|Any CPU
	EndGlobalSection
	GlobalSection(ProjectConfigurationPlatforms) = postSolution
		{A7858B26-4981-44B4-BAE8-09215C6B3CB9}.Debug|Any CPU.ActiveCfg = Debug|Any CPU
		{A7858B26-4981-44B4-BAE8-09215C6B3CB9}.Debug|Any CPU.Build.0 = Debug|Any CPU
		{A7858B26-4981-44B4-BAE8-09215C6B3CB9}.Release|Any CPU.ActiveCfg = Release|Any CPU
		{A7858B26-4981-44B4-BAE8-09215C6B3CB9}.Release|Any CPU.Build.0 = Release|Any CPU
		{5E1514B8-5908-45D2-9C91-81D16A06C28B}.Debug|Any CPU.ActiveCfg = Debug|Any CPU
		{5E1514B8-5908-45D2-9C91-81D16A06C28B}.Debug|Any CPU.Build.0 = Debug|Any CPU
		{5E1514B8-5908-45D2-9C91-81D16A06C28B}.Release|Any CPU.ActiveCfg = Release|Any CPU
		{5E1514B8-5908-45D2-9C91-81D16A06C28B}.Release|Any CPU.Build.0 = Release|Any CPU
	EndGlobalSection
	GlobalSection(SolutionProperties) = preSolution
		HideSolutionNode = FALSE
	EndGlobalSection
	GlobalSection(ExtensibilityGlobals) = postSolution
		SolutionGuid = {F5EFBE81-2D17-461E-B69D-8CB52AFEB51A}
	EndGlobalSection
EndGlobal
